
Microsoft Visual Studio Solution File, Format Version 12.00
# Visual Studio Version 16
VisualStudioVersion = 16.0.32002.261
MinimumVisualStudioVersion = 10.0.40219.1
Project("{FAE04EC0-301F-11D3-BF4B-00C04F79EFBC}") = "практическая работа №2", "практическая работа №2\практическая работа №2.csproj", "{BF51A29A-3C4D-4C2D-83DF-13C0B00F0E5E}"
EndProject
Global
	GlobalSection(SolutionConfigurationPlatforms) = preSolution
		Debug|Any CPU = Debug|Any CPU
		Release|Any CPU = Release|Any CPU
	EndGlobalSection
	GlobalSection(ProjectConfigurationPlatforms) = postSolution
		{BF51A29A-3C4D-4C2D-83DF-13C0B00F0E5E}.Debug|Any CPU.ActiveCfg = Debug|Any CPU
		{BF51A29A-3C4D-4C2D-83DF-13C0B00F0E5E}.Debug|Any CPU.Build.0 = Debug|Any CPU
		{BF51A29A-3C4D-4C2D-83DF-13C0B00F0E5E}.Release|Any CPU.ActiveCfg = Release|Any CPU
		{BF51A29A-3C4D-4C2D-83DF-13C0B00F0E5E}.Release|Any CPU.Build.0 = Release|Any CPU
	EndGlobalSection
	GlobalSection(SolutionProperties) = preSolution
		HideSolutionNode = FALSE
	EndGlobalSection
	GlobalSection(ExtensibilityGlobals) = postSolution
		SolutionGuid = {85E27374-8411-4BF0-B329-273EB34EEA3C}
	EndGlobalSection
EndGlobal
